[root]
name = "cascade"
version = "0.0.1"
dependencies = [
 "argparse 0.1.0 (git+https://github.com/tailhook/rust-argparse.git?branch=rust-nightly)",
 "env_logger 0.2.2 (registry+https://github.com/rust-lang/crates.io-index)",
 "log 0.2.4 (registry+https://github.com/rust-lang/crates.io-index)",
 "mio 0.2.1 (git+https://github.com/carllerche/mio.git)",
 "stainless 0.0.14 (registry+https://github.com/rust-lang/crates.io-index)",
 "time 0.1.17 (registry+https://github.com/rust-lang/crates.io-index)",
 "toml 0.1.17 (registry+https://github.com/rust-lang/crates.io-index)",
]

[[package]]
name = "argparse"
version = "0.1.0"
source = "git+https://github.com/tailhook/rust-argparse.git?branch=rust-nightly#19ab6e4f9d1e00dcb3b087d886a97b9eb8ee509e"

[[package]]
name = "bitflags"
version = "0.1.1"
source = "registry+https://github.com/rust-lang/crates.io-index"

[[package]]
name = "bytes"
version = "0.1.2"
source = "registry+https://github.com/rust-lang/crates.io-index"

[[package]]
name = "env_logger"
version = "0.2.2"
source = "registry+https://github.com/rust-lang/crates.io-index"
dependencies = [
 "log 0.2.4 (registry+https://github.com/rust-lang/crates.io-index)",
 "regex 0.1.15 (registry+https://github.com/rust-lang/crates.io-index)",
]

[[package]]
name = "gcc"
version = "0.1.7"
source = "registry+https://github.com/rust-lang/crates.io-index"

[[package]]
name = "libc"
version = "0.1.2"
source = "registry+https://github.com/rust-lang/crates.io-index"

[[package]]
name = "log"
version = "0.2.4"
source = "registry+https://github.com/rust-lang/crates.io-index"

[[package]]
name = "mio"
version = "0.2.1"
source = "git+https://github.com/carllerche/mio.git#aefbc348135f237a9deede12f0978c42a20f7e44"
dependencies = [
 "bytes 0.1.2 (registry+https://github.com/rust-lang/crates.io-index)",
 "log 0.2.4 (registry+https://github.com/rust-lang/crates.io-index)",
 "nix 0.2.3 (registry+https://github.com/rust-lang/crates.io-index)",
 "time 0.1.17 (registry+https://github.com/rust-lang/crates.io-index)",
]

[[package]]
name = "nix"
version = "0.2.3"
source = "registry+https://github.com/rust-lang/crates.io-index"
dependencies = [
 "bitflags 0.1.1 (registry+https://github.com/rust-lang/crates.io-index)",
]

[[package]]
name = "regex"
version = "0.1.15"
source = "registry+https://github.com/rust-lang/crates.io-index"

[[package]]
name = "rustc-serialize"
version = "0.2.15"
source = "registry+https://github.com/rust-lang/crates.io-index"

[[package]]
name = "stainless"
version = "0.0.14"
source = "registry+https://github.com/rust-lang/crates.io-index"

[[package]]
name = "time"
version = "0.1.17"
source = "registry+https://github.com/rust-lang/crates.io-index"
dependencies = [
 "gcc 0.1.7 (registry+https://github.com/rust-lang/crates.io-index)",
 "libc 0.1.2 (registry+https://github.com/rust-lang/crates.io-index)",
]

[[package]]
name = "toml"
version = "0.1.17"
source = "registry+https://github.com/rust-lang/crates.io-index"
dependencies = [
 "rustc-serialize 0.2.15 (registry+https://github.com/rust-lang/crates.io-index)",
]

